
Microsoft Visual Studio Solution File, Format Version 12.00
# Visual Studio Version 17
VisualStudioVersion = 17.0.31903.59
MinimumVisualStudioVersion = 10.0.40219.1
Project("{2150E333-8FDC-42A3-9474-1A3956D46DE8}") = "src", "src", "{827E0CD3-B72D-47B6-A68D-7590B98EB39B}"
EndProject
Project("{FAE04EC0-301F-11D3-BF4B-00C04F79EFBC}") = "Memory.Domain", "src\Memory.Domain\Memory.Domain.csproj", "{D17ABEEC-0952-478A-AEB2-FFBB38D9E47B}"
EndProject
Project("{FAE04EC0-301F-11D3-BF4B-00C04F79EFBC}") = "Memory.Tenancy", "src\Memory.Tenancy\Memory.Tenancy.csproj", "{A2A92AB6-AA96-4453-9570-3A1D3FD7625F}"
EndProject
Project("{FAE04EC0-301F-11D3-BF4B-00C04F79EFBC}") = "Memory.Storage", "src\Memory.Storage\Memory.Storage.csproj", "{4AE5E945-4ED2-42BA-A452-6347AB30FF42}"
EndProject
Project("{FAE04EC0-301F-11D3-BF4B-00C04F79EFBC}") = "Memory.Llm", "src\Memory.Llm\Memory.Llm.csproj", "{1C5F3E21-DC7E-457A-A150-8EE36A52060A}"
EndProject
Project("{FAE04EC0-301F-11D3-BF4B-00C04F79EFBC}") = "Memory.Pipeline", "src\Memory.Pipeline\Memory.Pipeline.csproj", "{908BA2EA-218C-450B-AF4F-0CB486FA0084}"
EndProject
Project("{FAE04EC0-301F-11D3-BF4B-00C04F79EFBC}") = "Memory.Mcp", "src\Memory.Mcp\Memory.Mcp.csproj", "{60808FA2-5E39-483C-B70B-4E1AF0934A46}"
EndProject
Project("{FAE04EC0-301F-11D3-BF4B-00C04F79EFBC}") = "Memory.Mcp.Stdio", "src\Memory.Mcp.Stdio\Memory.Mcp.Stdio.csproj", "{304A1A50-B01E-475E-AFD0-E428A86726FD}"
EndProject
Project("{FAE04EC0-301F-11D3-BF4B-00C04F79EFBC}") = "Memory.Api", "src\Memory.Api\Memory.Api.csproj", "{196C4A79-E064-4F93-B59E-501C98065D2A}"
EndProject
Project("{FAE04EC0-301F-11D3-BF4B-00C04F79EFBC}") = "Memory.ServiceDefaults", "src\Memory.ServiceDefaults\Memory.ServiceDefaults.csproj", "{2A0DC788-2F69-43D9-9177-F0C5A4CB8581}"
EndProject
Project("{FAE04EC0-301F-11D3-BF4B-00C04F79EFBC}") = "Memory.AppHost", "Memory.AppHost\Memory.AppHost.csproj", "{4E0151B6-65EE-441C-AEDF-58B5E4DE9BC3}"
EndProject
Project("{2150E333-8FDC-42A3-9474-1A3956D46DE8}") = "tests", "tests", "{0AB3BF05-4346-4AA6-1389-037BE0695223}"
EndProject
Project("{FAE04EC0-301F-11D3-BF4B-00C04F79EFBC}") = "Memory.Domain.Tests", "tests\Memory.Domain.Tests\Memory.Domain.Tests.csproj", "{A76ED10A-2761-4A0C-AA20-7EB980ABB0A5}"
EndProject
Project("{FAE04EC0-301F-11D3-BF4B-00C04F79EFBC}") = "Memory.Storage.Tests", "tests\Memory.Storage.Tests\Memory.Storage.Tests.csproj", "{21C83932-C347-4FB6-8AB2-A177541CFDAA}"
EndProject
Project("{FAE04EC0-301F-11D3-BF4B-00C04F79EFBC}") = "Memory.Llm.Tests", "tests\Memory.Llm.Tests\Memory.Llm.Tests.csproj", "{7F1BE891-D02C-4CE6-B4A1-483C9B29ED10}"
EndProject
Project("{FAE04EC0-301F-11D3-BF4B-00C04F79EFBC}") = "Memory.Pipeline.Tests", "tests\Memory.Pipeline.Tests\Memory.Pipeline.Tests.csproj", "{1391FF26-06D5-415D-923C-513C8D9F91ED}"
EndProject
Project("{FAE04EC0-301F-11D3-BF4B-00C04F79EFBC}") = "Memory.E2E.Tests", "tests\Memory.E2E.Tests\Memory.E2E.Tests.csproj", "{A394EF4C-D9D2-4C8F-AEE5-307851274035}"
EndProject
Project("{FAE04EC0-301F-11D3-BF4B-00C04F79EFBC}") = "Memory.Web", "src\Memory.Web\Memory.Web.csproj", "{106D26BE-BF10-4D19-868F-B8674DBFC013}"
EndProject
Project("{FAE04EC0-301F-11D3-BF4B-00C04F79EFBC}") = "Memory.Cli", "src\Memory.Cli\Memory.Cli.csproj", "{651A2739-C69C-4EC4-B126-A2EFC28A0404}"
EndProject
Global
	GlobalSection(SolutionConfigurationPlatforms) = preSolution
		Debug|Any CPU = Debug|Any CPU
		Debug|x64 = Debug|x64
		Debug|x86 = Debug|x86
		Release|Any CPU = Release|Any CPU
		Release|x64 = Release|x64
		Release|x86 = Release|x86
	EndGlobalSection
	GlobalSection(ProjectConfigurationPlatforms) = postSolution
		{D17ABEEC-0952-478A-AEB2-FFBB38D9E47B}.Debug|Any CPU.ActiveCfg = Debug|Any CPU
		{D17ABEEC-0952-478A-AEB2-FFBB38D9E47B}.Debug|Any CPU.Build.0 = Debug|Any CPU
		{D17ABEEC-0952-478A-AEB2-FFBB38D9E47B}.Debug|x64.ActiveCfg = Debug|Any CPU
		{D17ABEEC-0952-478A-AEB2-FFBB38D9E47B}.Debug|x64.Build.0 = Debug|Any CPU
		{D17ABEEC-0952-478A-AEB2-FFBB38D9E47B}.Debug|x86.ActiveCfg = Debug|Any CPU
		{D17ABEEC-0952-478A-AEB2-FFBB38D9E47B}.Debug|x86.Build.0 = Debug|Any CPU
		{D17ABEEC-0952-478A-AEB2-FFBB38D9E47B}.Release|Any CPU.ActiveCfg = Release|Any CPU
		{D17ABEEC-0952-478A-AEB2-FFBB38D9E47B}.Release|Any CPU.Build.0 = Release|Any CPU
		{D17ABEEC-0952-478A-AEB2-FFBB38D9E47B}.Release|x64.ActiveCfg = Release|Any CPU
		{D17ABEEC-0952-478A-AEB2-FFBB38D9E47B}.Release|x64.Build.0 = Release|Any CPU
		{D17ABEEC-0952-478A-AEB2-FFBB38D9E47B}.Release|x86.ActiveCfg = Release|Any CPU
		{D17ABEEC-0952-478A-AEB2-FFBB38D9E47B}.Release|x86.Build.0 = Release|Any CPU
		{A2A92AB6-AA96-4453-9570-3A1D3FD7625F}.Debug|Any CPU.ActiveCfg = Debug|Any CPU
		{A2A92AB6-AA96-4453-9570-3A1D3FD7625F}.Debug|Any CPU.Build.0 = Debug|Any CPU
		{A2A92AB6-AA96-4453-9570-3A1D3FD7625F}.Debug|x64.ActiveCfg = Debug|Any CPU
		{A2A92AB6-AA96-4453-9570-3A1D3FD7625F}.Debug|x64.Build.0 = Debug|Any CPU
		{A2A92AB6-AA96-4453-9570-3A1D3FD7625F}.Debug|x86.ActiveCfg = Debug|Any CPU
		{A2A92AB6-AA96-4453-9570-3A1D3FD7625F}.Debug|x86.Build.0 = Debug|Any CPU
		{A2A92AB6-AA96-4453-9570-3A1D3FD7625F}.Release|Any CPU.ActiveCfg = Release|Any CPU
		{A2A92AB6-AA96-4453-9570-3A1D3FD7625F}.Release|Any CPU.Build.0 = Release|Any CPU
		{A2A92AB6-AA96-4453-9570-3A1D3FD7625F}.Release|x64.ActiveCfg = Release|Any CPU
		{A2A92AB6-AA96-4453-9570-3A1D3FD7625F}.Release|x64.Build.0 = Release|Any CPU
		{A2A92AB6-AA96-4453-9570-3A1D3FD7625F}.Release|x86.ActiveCfg = Release|Any CPU
		{A2A92AB6-AA96-4453-9570-3A1D3FD7625F}.Release|x86.Build.0 = Release|Any CPU
		{4AE5E945-4ED2-42BA-A452-6347AB30FF42}.Debug|Any CPU.ActiveCfg = Debug|Any CPU
		{4AE5E945-4ED2-42BA-A452-6347AB30FF42}.Debug|Any CPU.Build.0 = Debug|Any CPU
		{4AE5E945-4ED2-42BA-A452-6347AB30FF42}.Debug|x64.ActiveCfg = Debug|Any CPU
		{4AE5E945-4ED2-42BA-A452-6347AB30FF42}.Debug|x64.Build.0 = Debug|Any CPU
		{4AE5E945-4ED2-42BA-A452-6347AB30FF42}.Debug|x86.ActiveCfg = Debug|Any CPU
		{4AE5E945-4ED2-42BA-A452-6347AB30FF42}.Debug|x86.Build.0 = Debug|Any CPU
		{4AE5E945-4ED2-42BA-A452-6347AB30FF42}.Release|Any CPU.ActiveCfg = Release|Any CPU
		{4AE5E945-4ED2-42BA-A452-6347AB30FF42}.Release|Any CPU.Build.0 = Release|Any CPU
		{4AE5E945-4ED2-42BA-A452-6347AB30FF42}.Release|x64.ActiveCfg = Release|Any CPU
		{4AE5E945-4ED2-42BA-A452-6347AB30FF42}.Release|x64.Build.0 = Release|Any CPU
		{4AE5E945-4ED2-42BA-A452-6347AB30FF42}.Release|x86.ActiveCfg = Release|Any CPU
		{4AE5E945-4ED2-42BA-A452-6347AB30FF42}.Release|x86.Build.0 = Release|Any CPU
		{1C5F3E21-DC7E-457A-A150-8EE36A52060A}.Debug|Any CPU.ActiveCfg = Debug|Any CPU
		{1C5F3E21-DC7E-457A-A150-8EE36A52060A}.Debug|Any CPU.Build.0 = Debug|Any CPU
		{1C5F3E21-DC7E-457A-A150-8EE36A52060A}.Debug|x64.ActiveCfg = Debug|Any CPU
		{1C5F3E21-DC7E-457A-A150-8EE36A52060A}.Debug|x64.Build.0 = Debug|Any CPU
		{1C5F3E21-DC7E-457A-A150-8EE36A52060A}.Debug|x86.ActiveCfg = Debug|Any CPU
		{1C5F3E21-DC7E-457A-A150-8EE36A52060A}.Debug|x86.Build.0 = Debug|Any CPU
		{1C5F3E21-DC7E-457A-A150-8EE36A52060A}.Release|Any CPU.ActiveCfg = Release|Any CPU
		{1C5F3E21-DC7E-457A-A150-8EE36A52060A}.Release|Any CPU.Build.0 = Release|Any CPU
		{1C5F3E21-DC7E-457A-A150-8EE36A52060A}.Release|x64.ActiveCfg = Release|Any CPU
		{1C5F3E21-DC7E-457A-A150-8EE36A52060A}.Release|x64.Build.0 = Release|Any CPU
		{1C5F3E21-DC7E-457A-A150-8EE36A52060A}.Release|x86.ActiveCfg = Release|Any CPU
		{1C5F3E21-DC7E-457A-A150-8EE36A52060A}.Release|x86.Build.0 = Release|Any CPU
		{908BA2EA-218C-450B-AF4F-0CB486FA0084}.Debug|Any CPU.ActiveCfg = Debug|Any CPU
		{908BA2EA-218C-450B-AF4F-0CB486FA0084}.Debug|Any CPU.Build.0 = Debug|Any CPU
		{908BA2EA-218C-450B-AF4F-0CB486FA0084}.Debug|x64.ActiveCfg = Debug|Any CPU
		{908BA2EA-218C-450B-AF4F-0CB486FA0084}.Debug|x64.Build.0 = Debug|Any CPU
		{908BA2EA-218C-450B-AF4F-0CB486FA0084}.Debug|x86.ActiveCfg = Debug|Any CPU
		{908BA2EA-218C-450B-AF4F-0CB486FA0084}.Debug|x86.Build.0 = Debug|Any CPU
		{908BA2EA-218C-450B-AF4F-0CB486FA0084}.Release|Any CPU.ActiveCfg = Release|Any CPU
		{908BA2EA-218C-450B-AF4F-0CB486FA0084}.Release|Any CPU.Build.0 = Release|Any CPU
		{908BA2EA-218C-450B-AF4F-0CB486FA0084}.Release|x64.ActiveCfg = Release|Any CPU
		{908BA2EA-218C-450B-AF4F-0CB486FA0084}.Release|x64.Build.0 = Release|Any CPU
		{908BA2EA-218C-450B-AF4F-0CB486FA0084}.Release|x86.ActiveCfg = Release|Any CPU
		{908BA2EA-218C-450B-AF4F-0CB486FA0084}.Release|x86.Build.0 = Release|Any CPU
		{60808FA2-5E39-483C-B70B-4E1AF0934A46}.Debug|Any CPU.ActiveCfg = Debug|Any CPU
		{60808FA2-5E39-483C-B70B-4E1AF0934A46}.Debug|Any CPU.Build.0 = Debug|Any CPU
		{60808FA2-5E39-483C-B70B-4E1AF0934A46}.Debug|x64.ActiveCfg = Debug|Any CPU
		{60808FA2-5E39-483C-B70B-4E1AF0934A46}.Debug|x64.Build.0 = Debug|Any CPU
		{60808FA2-5E39-483C-B70B-4E1AF0934A46}.Debug|x86.ActiveCfg = Debug|Any CPU
		{60808FA2-5E39-483C-B70B-4E1AF0934A46}.Debug|x86.Build.0 = Debug|Any CPU
		{60808FA2-5E39-483C-B70B-4E1AF0934A46}.Release|Any CPU.ActiveCfg = Release|Any CPU
		{60808FA2-5E39-483C-B70B-4E1AF0934A46}.Release|Any CPU.Build.0 = Release|Any CPU
		{60808FA2-5E39-483C-B70B-4E1AF0934A46}.Release|x64.ActiveCfg = Release|Any CPU
		{60808FA2-5E39-483C-B70B-4E1AF0934A46}.Release|x64.Build.0 = Release|Any CPU
		{60808FA2-5E39-483C-B70B-4E1AF0934A46}.Release|x86.ActiveCfg = Release|Any CPU
		{60808FA2-5E39-483C-B70B-4E1AF0934A46}.Release|x86.Build.0 = Release|Any CPU
		{304A1A50-B01E-475E-AFD0-E428A86726FD}.Debug|Any CPU.ActiveCfg = Debug|Any CPU
		{304A1A50-B01E-475E-AFD0-E428A86726FD}.Debug|Any CPU.Build.0 = Debug|Any CPU
		{304A1A50-B01E-475E-AFD0-E428A86726FD}.Debug|x64.ActiveCfg = Debug|Any CPU
		{304A1A50-B01E-475E-AFD0-E428A86726FD}.Debug|x64.Build.0 = Debug|Any CPU
		{304A1A50-B01E-475E-AFD0-E428A86726FD}.Debug|x86.ActiveCfg = Debug|Any CPU
		{304A1A50-B01E-475E-AFD0-E428A86726FD}.Debug|x86.Build.0 = Debug|Any CPU
		{304A1A50-B01E-475E-AFD0-E428A86726FD}.Release|Any CPU.ActiveCfg = Release|Any CPU
		{304A1A50-B01E-475E-AFD0-E428A86726FD}.Release|Any CPU.Build.0 = Release|Any CPU
		{304A1A50-B01E-475E-AFD0-E428A86726FD}.Release|x64.ActiveCfg = Release|Any CPU
		{304A1A50-B01E-475E-AFD0-E428A86726FD}.Release|x64.Build.0 = Release|Any CPU
		{304A1A50-B01E-475E-AFD0-E428A86726FD}.Release|x86.ActiveCfg = Release|Any CPU
		{304A1A50-B01E-475E-AFD0-E428A86726FD}.Release|x86.Build.0 = Release|Any CPU
		{196C4A79-E064-4F93-B59E-501C98065D2A}.Debug|Any CPU.ActiveCfg = Debug|Any CPU
		{196C4A79-E064-4F93-B59E-501C98065D2A}.Debug|Any CPU.Build.0 = Debug|Any CPU
		{196C4A79-E064-4F93-B59E-501C98065D2A}.Debug|x64.ActiveCfg = Debug|Any CPU
		{196C4A79-E064-4F93-B59E-501C98065D2A}.Debug|x64.Build.0 = Debug|Any CPU
		{196C4A79-E064-4F93-B59E-501C98065D2A}.Debug|x86.ActiveCfg = Debug|Any CPU
		{196C4A79-E064-4F93-B59E-501C98065D2A}.Debug|x86.Build.0 = Debug|Any CPU
		{196C4A79-E064-4F93-B59E-501C98065D2A}.Release|Any CPU.ActiveCfg = Release|Any CPU
		{196C4A79-E064-4F93-B59E-501C98065D2A}.Release|Any CPU.Build.0 = Release|Any CPU
		{196C4A79-E064-4F93-B59E-501C98065D2A}.Release|x64.ActiveCfg = Release|Any CPU
		{196C4A79-E064-4F93-B59E-501C98065D2A}.Release|x64.Build.0 = Release|Any CPU
		{196C4A79-E064-4F93-B59E-501C98065D2A}.Release|x86.ActiveCfg = Release|Any CPU
		{196C4A79-E064-4F93-B59E-501C98065D2A}.Release|x86.Build.0 = Release|Any CPU
		{2A0DC788-2F69-43D9-9177-F0C5A4CB8581}.Debug|Any CPU.ActiveCfg = Debug|Any CPU
		{2A0DC788-2F69-43D9-9177-F0C5A4CB8581}.Debug|Any CPU.Build.0 = Debug|Any CPU
		{2A0DC788-2F69-43D9-9177-F0C5A4CB8581}.Debug|x64.ActiveCfg = Debug|Any CPU
		{2A0DC788-2F69-43D9-9177-F0C5A4CB8581}.Debug|x64.Build.0 = Debug|Any CPU
		{2A0DC788-2F69-43D9-9177-F0C5A4CB8581}.Debug|x86.ActiveCfg = Debug|Any CPU
		{2A0DC788-2F69-43D9-9177-F0C5A4CB8581}.Debug|x86.Build.0 = Debug|Any CPU
		{2A0DC788-2F69-43D9-9177-F0C5A4CB8581}.Release|Any CPU.ActiveCfg = Release|Any CPU
		{2A0DC788-2F69-43D9-9177-F0C5A4CB8581}.Release|Any CPU.Build.0 = Release|Any CPU
		{2A0DC788-2F69-43D9-9177-F0C5A4CB8581}.Release|x64.ActiveCfg = Release|Any CPU
		{2A0DC788-2F69-43D9-9177-F0C5A4CB8581}.Release|x64.Build.0 = Release|Any CPU
		{2A0DC788-2F69-43D9-9177-F0C5A4CB8581}.Release|x86.ActiveCfg = Release|Any CPU
		{2A0DC788-2F69-43D9-9177-F0C5A4CB8581}.Release|x86.Build.0 = Release|Any CPU
		{4E0151B6-65EE-441C-AEDF-58B5E4DE9BC3}.Debug|Any CPU.ActiveCfg = Debug|Any CPU
		{4E0151B6-65EE-441C-AEDF-58B5E4DE9BC3}.Debug|Any CPU.Build.0 = Debug|Any CPU
		{4E0151B6-65EE-441C-AEDF-58B5E4DE9BC3}.Debug|x64.ActiveCfg = Debug|Any CPU
		{4E0151B6-65EE-441C-AEDF-58B5E4DE9BC3}.Debug|x64.Build.0 = Debug|Any CPU
		{4E0151B6-65EE-441C-AEDF-58B5E4DE9BC3}.Debug|x86.ActiveCfg = Debug|Any CPU
		{4E0151B6-65EE-441C-AEDF-58B5E4DE9BC3}.Debug|x86.Build.0 = Debug|Any CPU
		{4E0151B6-65EE-441C-AEDF-58B5E4DE9BC3}.Release|Any CPU.ActiveCfg = Release|Any CPU
		{4E0151B6-65EE-441C-AEDF-58B5E4DE9BC3}.Release|Any CPU.Build.0 = Release|Any CPU
		{4E0151B6-65EE-441C-AEDF-58B5E4DE9BC3}.Release|x64.ActiveCfg = Release|Any CPU
		{4E0151B6-65EE-441C-AEDF-58B5E4DE9BC3}.Release|x64.Build.0 = Release|Any CPU
		{4E0151B6-65EE-441C-AEDF-58B5E4DE9BC3}.Release|x86.ActiveCfg = Release|Any CPU
		{4E0151B6-65EE-441C-AEDF-58B5E4DE9BC3}.Release|x86.Build.0 = Release|Any CPU
		{A76ED10A-2761-4A0C-AA20-7EB980ABB0A5}.Debug|Any CPU.ActiveCfg = Debug|Any CPU
		{A76ED10A-2761-4A0C-AA20-7EB980ABB0A5}.Debug|Any CPU.Build.0 = Debug|Any CPU
		{A76ED10A-2761-4A0C-AA20-7EB980ABB0A5}.Debug|x64.ActiveCfg = Debug|Any CPU
		{A76ED10A-2761-4A0C-AA20-7EB980ABB0A5}.Debug|x64.Build.0 = Debug|Any CPU
		{A76ED10A-2761-4A0C-AA20-7EB980ABB0A5}.Debug|x86.ActiveCfg = Debug|Any CPU
		{A76ED10A-2761-4A0C-AA20-7EB980ABB0A5}.Debug|x86.Build.0 = Debug|Any CPU
		{A76ED10A-2761-4A0C-AA20-7EB980ABB0A5}.Release|Any CPU.ActiveCfg = Release|Any CPU
		{A76ED10A-2761-4A0C-AA20-7EB980ABB0A5}.Release|Any CPU.Build.0 = Release|Any CPU
		{A76ED10A-2761-4A0C-AA20-7EB980ABB0A5}.Release|x64.ActiveCfg = Release|Any CPU
		{A76ED10A-2761-4A0C-AA20-7EB980ABB0A5}.Release|x64.Build.0 = Release|Any CPU
		{A76ED10A-2761-4A0C-AA20-7EB980ABB0A5}.Release|x86.ActiveCfg = Release|Any CPU
		{A76ED10A-2761-4A0C-AA20-7EB980ABB0A5}.Release|x86.Build.0 = Release|Any CPU
		{21C83932-C347-4FB6-8AB2-A177541CFDAA}.Debug|Any CPU.ActiveCfg = Debug|Any CPU
		{21C83932-C347-4FB6-8AB2-A177541CFDAA}.Debug|Any CPU.Build.0 = Debug|Any CPU
		{21C83932-C347-4FB6-8AB2-A177541CFDAA}.Debug|x64.ActiveCfg = Debug|Any CPU
		{21C83932-C347-4FB6-8AB2-A177541CFDAA}.Debug|x64.Build.0 = Debug|Any CPU
		{21C83932-C347-4FB6-8AB2-A177541CFDAA}.Debug|x86.ActiveCfg = Debug|Any CPU
		{21C83932-C347-4FB6-8AB2-A177541CFDAA}.Debug|x86.Build.0 = Debug|Any CPU
		{21C83932-C347-4FB6-8AB2-A177541CFDAA}.Release|Any CPU.ActiveCfg = Release|Any CPU
		{21C83932-C347-4FB6-8AB2-A177541CFDAA}.Release|Any CPU.Build.0 = Release|Any CPU
		{21C83932-C347-4FB6-8AB2-A177541CFDAA}.Release|x64.ActiveCfg = Release|Any CPU
		{21C83932-C347-4FB6-8AB2-A177541CFDAA}.Release|x64.Build.0 = Release|Any CPU
		{21C83932-C347-4FB6-8AB2-A177541CFDAA}.Release|x86.ActiveCfg = Release|Any CPU
		{21C83932-C347-4FB6-8AB2-A177541CFDAA}.Release|x86.Build.0 = Release|Any CPU
		{7F1BE891-D02C-4CE6-B4A1-483C9B29ED10}.Debug|Any CPU.ActiveCfg = Debug|Any CPU
		{7F1BE891-D02C-4CE6-B4A1-483C9B29ED10}.Debug|Any CPU.Build.0 = Debug|Any CPU
		{7F1BE891-D02C-4CE6-B4A1-483C9B29ED10}.Debug|x64.ActiveCfg = Debug|Any CPU
		{7F1BE891-D02C-4CE6-B4A1-483C9B29ED10}.Debug|x64.Build.0 = Debug|Any CPU
		{7F1BE891-D02C-4CE6-B4A1-483C9B29ED10}.Debug|x86.ActiveCfg = Debug|Any CPU
		{7F1BE891-D02C-4CE6-B4A1-483C9B29ED10}.Debug|x86.Build.0 = Debug|Any CPU
		{7F1BE891-D02C-4CE6-B4A1-483C9B29ED10}.Release|Any CPU.ActiveCfg = Release|Any CPU
		{7F1BE891-D02C-4CE6-B4A1-483C9B29ED10}.Release|Any CPU.Build.0 = Release|Any CPU
		{7F1BE891-D02C-4CE6-B4A1-483C9B29ED10}.Release|x64.ActiveCfg = Release|Any CPU
		{7F1BE891-D02C-4CE6-B4A1-483C9B29ED10}.Release|x64.Build.0 = Release|Any CPU
		{7F1BE891-D02C-4CE6-B4A1-483C9B29ED10}.Release|x86.ActiveCfg = Release|Any CPU
		{7F1BE891-D02C-4CE6-B4A1-483C9B29ED10}.Release|x86.Build.0 = Release|Any CPU
		{1391FF26-06D5-415D-923C-513C8D9F91ED}.Debug|Any CPU.ActiveCfg = Debug|Any CPU
		{1391FF26-06D5-415D-923C-513C8D9F91ED}.Debug|Any CPU.Build.0 = Debug|Any CPU
		{1391FF26-06D5-415D-923C-513C8D9F91ED}.Debug|x64.ActiveCfg = Debug|Any CPU
		{1391FF26-06D5-415D-923C-513C8D9F91ED}.Debug|x64.Build.0 = Debug|Any CPU
		{1391FF26-06D5-415D-923C-513C8D9F91ED}.Debug|x86.ActiveCfg = Debug|Any CPU
		{1391FF26-06D5-415D-923C-513C8D9F91ED}.Debug|x86.Build.0 = Debug|Any CPU
		{1391FF26-06D5-415D-923C-513C8D9F91ED}.Release|Any CPU.ActiveCfg = Release|Any CPU
		{1391FF26-06D5-415D-923C-513C8D9F91ED}.Release|Any CPU.Build.0 = Release|Any CPU
		{1391FF26-06D5-415D-923C-513C8D9F91ED}.Release|x64.ActiveCfg = Release|Any CPU
		{1391FF26-06D5-415D-923C-513C8D9F91ED}.Release|x64.Build.0 = Release|Any CPU
		{1391FF26-06D5-415D-923C-513C8D9F91ED}.Release|x86.ActiveCfg = Release|Any CPU
		{1391FF26-06D5-415D-923C-513C8D9F91ED}.Release|x86.Build.0 = Release|Any CPU
		{A394EF4C-D9D2-4C8F-AEE5-307851274035}.Debug|Any CPU.ActiveCfg = Debug|Any CPU
		{A394EF4C-D9D2-4C8F-AEE5-307851274035}.Debug|Any CPU.Build.0 = Debug|Any CPU
		{A394EF4C-D9D2-4C8F-AEE5-307851274035}.Debug|x64.ActiveCfg = Debug|Any CPU
		{A394EF4C-D9D2-4C8F-AEE5-307851274035}.Debug|x64.Build.0 = Debug|Any CPU
		{A394EF4C-D9D2-4C8F-AEE5-307851274035}.Debug|x86.ActiveCfg = Debug|Any CPU
		{A394EF4C-D9D2-4C8F-AEE5-307851274035}.Debug|x86.Build.0 = Debug|Any CPU
		{A394EF4C-D9D2-4C8F-AEE5-307851274035}.Release|Any CPU.ActiveCfg = Release|Any CPU
		{A394EF4C-D9D2-4C8F-AEE5-307851274035}.Release|Any CPU.Build.0 = Release|Any CPU
		{A394EF4C-D9D2-4C8F-AEE5-307851274035}.Release|x64.ActiveCfg = Release|Any CPU
		{A394EF4C-D9D2-4C8F-AEE5-307851274035}.Release|x64.Build.0 = Release|Any CPU
		{A394EF4C-D9D2-4C8F-AEE5-307851274035}.Release|x86.ActiveCfg = Release|Any CPU
		{A394EF4C-D9D2-4C8F-AEE5-307851274035}.Release|x86.Build.0 = Release|Any CPU
		{106D26BE-BF10-4D19-868F-B8674DBFC013}.Debug|Any CPU.ActiveCfg = Debug|Any CPU
		{106D26BE-BF10-4D19-868F-B8674DBFC013}.Debug|Any CPU.Build.0 = Debug|Any CPU
		{106D26BE-BF10-4D19-868F-B8674DBFC013}.Debug|x64.ActiveCfg = Debug|Any CPU
		{106D26BE-BF10-4D19-868F-B8674DBFC013}.Debug|x64.Build.0 = Debug|Any CPU
		{106D26BE-BF10-4D19-868F-B8674DBFC013}.Debug|x86.ActiveCfg = Debug|Any CPU
		{106D26BE-BF10-4D19-868F-B8674DBFC013}.Debug|x86.Build.0 = Debug|Any CPU
		{106D26BE-BF10-4D19-868F-B8674DBFC013}.Release|Any CPU.ActiveCfg = Release|Any CPU
		{106D26BE-BF10-4D19-868F-B8674DBFC013}.Release|Any CPU.Build.0 = Release|Any CPU
		{106D26BE-BF10-4D19-868F-B8674DBFC013}.Release|x64.ActiveCfg = Release|Any CPU
		{106D26BE-BF10-4D19-868F-B8674DBFC013}.Release|x64.Build.0 = Release|Any CPU
		{106D26BE-BF10-4D19-868F-B8674DBFC013}.Release|x86.ActiveCfg = Release|Any CPU
		{106D26BE-BF10-4D19-868F-B8674DBFC013}.Release|x86.Build.0 = Release|Any CPU
		{651A2739-C69C-4EC4-B126-A2EFC28A0404}.Debug|Any CPU.ActiveCfg = Debug|Any CPU
		{651A2739-C69C-4EC4-B126-A2EFC28A0404}.Debug|Any CPU.Build.0 = Debug|Any CPU
		{651A2739-C69C-4EC4-B126-A2EFC28A0404}.Debug|x64.ActiveCfg = Debug|Any CPU
		{651A2739-C69C-4EC4-B126-A2EFC28A0404}.Debug|x64.Build.0 = Debug|Any CPU
		{651A2739-C69C-4EC4-B126-A2EFC28A0404}.Debug|x86.ActiveCfg = Debug|Any CPU
		{651A2739-C69C-4EC4-B126-A2EFC28A0404}.Debug|x86.Build.0 = Debug|Any CPU
		{651A2739-C69C-4EC4-B126-A2EFC28A0404}.Release|Any CPU.ActiveCfg = Release|Any CPU
		{651A2739-C69C-4EC4-B126-A2EFC28A0404}.Release|Any CPU.Build.0 = Release|Any CPU
		{651A2739-C69C-4EC4-B126-A2EFC28A0404}.Release|x64.ActiveCfg = Release|Any CPU
		{651A2739-C69C-4EC4-B126-A2EFC28A0404}.Release|x64.Build.0 = Release|Any CPU
		{651A2739-C69C-4EC4-B126-A2EFC28A0404}.Release|x86.ActiveCfg = Release|Any CPU
		{651A2739-C69C-4EC4-B126-A2EFC28A0404}.Release|x86.Build.0 = Release|Any CPU
	EndGlobalSection
	GlobalSection(SolutionProperties) = preSolution
		HideSolutionNode = FALSE
	EndGlobalSection
	GlobalSection(NestedProjects) = preSolution
		{D17ABEEC-0952-478A-AEB2-FFBB38D9E47B} = {827E0CD3-B72D-47B6-A68D-7590B98EB39B}
		{A2A92AB6-AA96-4453-9570-3A1D3FD7625F} = {827E0CD3-B72D-47B6-A68D-7590B98EB39B}
		{4AE5E945-4ED2-42BA-A452-6347AB30FF42} = {827E0CD3-B72D-47B6-A68D-7590B98EB39B}
		{1C5F3E21-DC7E-457A-A150-8EE36A52060A} = {827E0CD3-B72D-47B6-A68D-7590B98EB39B}
		{908BA2EA-218C-450B-AF4F-0CB486FA0084} = {827E0CD3-B72D-47B6-A68D-7590B98EB39B}
		{60808FA2-5E39-483C-B70B-4E1AF0934A46} = {827E0CD3-B72D-47B6-A68D-7590B98EB39B}
		{304A1A50-B01E-475E-AFD0-E428A86726FD} = {827E0CD3-B72D-47B6-A68D-7590B98EB39B}
		{196C4A79-E064-4F93-B59E-501C98065D2A} = {827E0CD3-B72D-47B6-A68D-7590B98EB39B}
		{2A0DC788-2F69-43D9-9177-F0C5A4CB8581} = {827E0CD3-B72D-47B6-A68D-7590B98EB39B}
		{A76ED10A-2761-4A0C-AA20-7EB980ABB0A5} = {0AB3BF05-4346-4AA6-1389-037BE0695223}
		{21C83932-C347-4FB6-8AB2-A177541CFDAA} = {0AB3BF05-4346-4AA6-1389-037BE0695223}
		{7F1BE891-D02C-4CE6-B4A1-483C9B29ED10} = {0AB3BF05-4346-4AA6-1389-037BE0695223}
		{1391FF26-06D5-415D-923C-513C8D9F91ED} = {0AB3BF05-4346-4AA6-1389-037BE0695223}
		{A394EF4C-D9D2-4C8F-AEE5-307851274035} = {0AB3BF05-4346-4AA6-1389-037BE0695223}
		{106D26BE-BF10-4D19-868F-B8674DBFC013} = {827E0CD3-B72D-47B6-A68D-7590B98EB39B}
		{651A2739-C69C-4EC4-B126-A2EFC28A0404} = {827E0CD3-B72D-47B6-A68D-7590B98EB39B}
	EndGlobalSection
EndGlobal
